
Microsoft Visual Studio Solution File, Format Version 12.00
# Visual Studio 15
VisualStudioVersion = 15.0.26730.12
MinimumVisualStudioVersion = 10.0.40219.1
Project("{2150E333-8FDC-42A3-9474-1A3956D46DE8}") = "Solution Items", "Solution Items", "{10C8780E-D6B3-411E-BB87-5B26CCD15279}"
	ProjectSection(SolutionItems) = preProject
		design.txt = design.txt
		readme.txt = readme.txt
	EndProjectSection
EndProject
Project("{FAE04EC0-301F-11D3-BF4B-00C04F79EFBC}") = "Utilities", "Utilities\Utilities.csproj", "{B68F7CC0-2D17-480E-9347-E0158D004494}"
EndProject
Project("{FAE04EC0-301F-11D3-BF4B-00C04F79EFBC}") = "ConsoleRenderingFramework", "ConsoleRenderingFramework\ConsoleRenderingFramework.csproj", "{1E059ED0-DD63-4A1F-B334-F3ADC43AB0D6}"
EndProject
Project("{FAE04EC0-301F-11D3-BF4B-00C04F79EFBC}") = "TestingProj", "TestingProj\TestingProj.csproj", "{F3926C94-7672-4D15-BFDB-BE01E6439895}"
EndProject
Project("{FAE04EC0-301F-11D3-BF4B-00C04F79EFBC}") = "BasicScreenManagerPackage", "MultiSplitScreenManager\BasicScreenManagerPackage.csproj", "{B6E10BAA-7CD3-402D-8E86-157325B8279F}"
EndProject
Project("{FAE04EC0-301F-11D3-BF4B-00C04F79EFBC}") = "Doom", "Doom\Doom.csproj", "{6CD22E3C-13A3-4D0C-8618-72116EDF108B}"
EndProject
Project("{FAE04EC0-301F-11D3-BF4B-00C04F79EFBC}") = "BasicRenderProviders", "BasicRenderProviders\BasicRenderProviders.csproj", "{48F2D129-2EA5-4D2A-88E4-69A87EA36E37}"
EndProject
Project("{FAE04EC0-301F-11D3-BF4B-00C04F79EFBC}") = "CardGame", "CardGame\CardGame.csproj", "{59EE1B6D-C240-40B5-B9B5-7F23FC61DB45}"
EndProject
Project("{FAE04EC0-301F-11D3-BF4B-00C04F79EFBC}") = "Pong", "Pong\Pong.csproj", "{2CE12880-AE9D-4CBA-A947-362C0A2F4305}"
EndProject
Global
	GlobalSection(SolutionConfigurationPlatforms) = preSolution
		Debug|Any CPU = Debug|Any CPU
		Release|Any CPU = Release|Any CPU
	EndGlobalSection
	GlobalSection(ProjectConfigurationPlatforms) = postSolution
		{B68F7CC0-2D17-480E-9347-E0158D004494}.Debug|Any CPU.ActiveCfg = Debug|Any CPU
		{B68F7CC0-2D17-480E-9347-E0158D004494}.Debug|Any CPU.Build.0 = Debug|Any CPU
		{B68F7CC0-2D17-480E-9347-E0158D004494}.Release|Any CPU.ActiveCfg = Release|Any CPU
		{B68F7CC0-2D17-480E-9347-E0158D004494}.Release|Any CPU.Build.0 = Release|Any CPU
		{1E059ED0-DD63-4A1F-B334-F3ADC43AB0D6}.Debug|Any CPU.ActiveCfg = Debug|Any CPU
		{1E059ED0-DD63-4A1F-B334-F3ADC43AB0D6}.Debug|Any CPU.Build.0 = Debug|Any CPU
		{1E059ED0-DD63-4A1F-B334-F3ADC43AB0D6}.Release|Any CPU.ActiveCfg = Release|Any CPU
		{1E059ED0-DD63-4A1F-B334-F3ADC43AB0D6}.Release|Any CPU.Build.0 = Release|Any CPU
		{F3926C94-7672-4D15-BFDB-BE01E6439895}.Debug|Any CPU.ActiveCfg = Debug|Any CPU
		{F3926C94-7672-4D15-BFDB-BE01E6439895}.Debug|Any CPU.Build.0 = Debug|Any CPU
		{F3926C94-7672-4D15-BFDB-BE01E6439895}.Release|Any CPU.ActiveCfg = Release|Any CPU
		{F3926C94-7672-4D15-BFDB-BE01E6439895}.Release|Any CPU.Build.0 = Release|Any CPU
		{B6E10BAA-7CD3-402D-8E86-157325B8279F}.Debug|Any CPU.ActiveCfg = Debug|Any CPU
		{B6E10BAA-7CD3-402D-8E86-157325B8279F}.Debug|Any CPU.Build.0 = Debug|Any CPU
		{B6E10BAA-7CD3-402D-8E86-157325B8279F}.Release|Any CPU.ActiveCfg = Release|Any CPU
		{B6E10BAA-7CD3-402D-8E86-157325B8279F}.Release|Any CPU.Build.0 = Release|Any CPU
		{6CD22E3C-13A3-4D0C-8618-72116EDF108B}.Debug|Any CPU.ActiveCfg = Debug|Any CPU
		{6CD22E3C-13A3-4D0C-8618-72116EDF108B}.Debug|Any CPU.Build.0 = Debug|Any CPU
		{6CD22E3C-13A3-4D0C-8618-72116EDF108B}.Release|Any CPU.ActiveCfg = Release|Any CPU
		{6CD22E3C-13A3-4D0C-8618-72116EDF108B}.Release|Any CPU.Build.0 = Release|Any CPU
		{48F2D129-2EA5-4D2A-88E4-69A87EA36E37}.Debug|Any CPU.ActiveCfg = Debug|Any CPU
		{48F2D129-2EA5-4D2A-88E4-69A87EA36E37}.Debug|Any CPU.Build.0 = Debug|Any CPU
		{48F2D129-2EA5-4D2A-88E4-69A87EA36E37}.Release|Any CPU.ActiveCfg = Release|Any CPU
		{48F2D129-2EA5-4D2A-88E4-69A87EA36E37}.Release|Any CPU.Build.0 = Release|Any CPU
		{59EE1B6D-C240-40B5-B9B5-7F23FC61DB45}.Debug|Any CPU.ActiveCfg = Debug|Any CPU
		{59EE1B6D-C240-40B5-B9B5-7F23FC61DB45}.Debug|Any CPU.Build.0 = Debug|Any CPU
		{59EE1B6D-C240-40B5-B9B5-7F23FC61DB45}.Release|Any CPU.ActiveCfg = Release|Any CPU
		{59EE1B6D-C240-40B5-B9B5-7F23FC61DB45}.Release|Any CPU.Build.0 = Release|Any CPU
		{2CE12880-AE9D-4CBA-A947-362C0A2F4305}.Debug|Any CPU.ActiveCfg = Debug|Any CPU
		{2CE12880-AE9D-4CBA-A947-362C0A2F4305}.Debug|Any CPU.Build.0 = Debug|Any CPU
		{2CE12880-AE9D-4CBA-A947-362C0A2F4305}.Release|Any CPU.ActiveCfg = Release|Any CPU
		{2CE12880-AE9D-4CBA-A947-362C0A2F4305}.Release|Any CPU.Build.0 = Release|Any CPU
	EndGlobalSection
	GlobalSection(SolutionProperties) = preSolution
		HideSolutionNode = FALSE
	EndGlobalSection
	GlobalSection(ExtensibilityGlobals) = postSolution
		SolutionGuid = {06E3A3AA-1249-4053-84A9-EBBE65AEB5C7}
	EndGlobalSection
EndGlobal
